
Microsoft Visual Studio Solution File, Format Version 12.00
# Visual Studio Version 17
VisualStudioVersion = 17.0.31903.59
MinimumVisualStudioVersion = 10.0.40219.1
Project("{FAE04EC0-301F-11D3-BF4B-00C04F79EFBC}") = "BuberDinner.Api", "BuberDinner.Api\BuberDinner.Api.csproj", "{510516BC-7233-4366-805B-BC2B7CCCB69B}"
EndProject
Project("{FAE04EC0-301F-11D3-BF4B-00C04F79EFBC}") = "BuberDinner.Application", "BuberDinner.Application\BuberDinner.Application.csproj", "{0365F5D9-9F9C-45A2-9BB1-79197B90E7BA}"
EndProject
Project("{FAE04EC0-301F-11D3-BF4B-00C04F79EFBC}") = "BuberDinner.Contracts", "BuberDinner.Contracts\BuberDinner.Contracts.csproj", "{E192F141-8387-4C53-902F-51D30A35AB2E}"
EndProject
Project("{FAE04EC0-301F-11D3-BF4B-00C04F79EFBC}") = "BuberDinner.Domain", "BuberDinner.Domain\BuberDinner.Domain.csproj", "{4B08D1BD-6661-41B4-B0EC-CD2E773786C1}"
EndProject
Project("{FAE04EC0-301F-11D3-BF4B-00C04F79EFBC}") = "BuberDinner.Infrastructure", "BuberDinner.Infrastructure\BuberDinner.Infrastructure.csproj", "{DD80F974-CDF3-4843-B837-BA3F94C133DA}"
EndProject
Global
	GlobalSection(SolutionConfigurationPlatforms) = preSolution
		Debug|Any CPU = Debug|Any CPU
		Release|Any CPU = Release|Any CPU
	EndGlobalSection
	GlobalSection(SolutionProperties) = preSolution
		HideSolutionNode = FALSE
	EndGlobalSection
	GlobalSection(ProjectConfigurationPlatforms) = postSolution
		{510516BC-7233-4366-805B-BC2B7CCCB69B}.Debug|Any CPU.ActiveCfg = Debug|Any CPU
		{510516BC-7233-4366-805B-BC2B7CCCB69B}.Debug|Any CPU.Build.0 = Debug|Any CPU
		{510516BC-7233-4366-805B-BC2B7CCCB69B}.Release|Any CPU.ActiveCfg = Release|Any CPU
		{510516BC-7233-4366-805B-BC2B7CCCB69B}.Release|Any CPU.Build.0 = Release|Any CPU
		{0365F5D9-9F9C-45A2-9BB1-79197B90E7BA}.Debug|Any CPU.ActiveCfg = Debug|Any CPU
		{0365F5D9-9F9C-45A2-9BB1-79197B90E7BA}.Debug|Any CPU.Build.0 = Debug|Any CPU
		{0365F5D9-9F9C-45A2-9BB1-79197B90E7BA}.Release|Any CPU.ActiveCfg = Release|Any CPU
		{0365F5D9-9F9C-45A2-9BB1-79197B90E7BA}.Release|Any CPU.Build.0 = Release|Any CPU
		{E192F141-8387-4C53-902F-51D30A35AB2E}.Debug|Any CPU.ActiveCfg = Debug|Any CPU
		{E192F141-8387-4C53-902F-51D30A35AB2E}.Debug|Any CPU.Build.0 = Debug|Any CPU
		{E192F141-8387-4C53-902F-51D30A35AB2E}.Release|Any CPU.ActiveCfg = Release|Any CPU
		{E192F141-8387-4C53-902F-51D30A35AB2E}.Release|Any CPU.Build.0 = Release|Any CPU
		{4B08D1BD-6661-41B4-B0EC-CD2E773786C1}.Debug|Any CPU.ActiveCfg = Debug|Any CPU
		{4B08D1BD-6661-41B4-B0EC-CD2E773786C1}.Debug|Any CPU.Build.0 = Debug|Any CPU
		{4B08D1BD-6661-41B4-B0EC-CD2E773786C1}.Release|Any CPU.ActiveCfg = Release|Any CPU
		{4B08D1BD-6661-41B4-B0EC-CD2E773786C1}.Release|Any CPU.Build.0 = Release|Any CPU
		{DD80F974-CDF3-4843-B837-BA3F94C133DA}.Debug|Any CPU.ActiveCfg = Debug|Any CPU
		{DD80F974-CDF3-4843-B837-BA3F94C133DA}.Debug|Any CPU.Build.0 = Debug|Any CPU
		{DD80F974-CDF3-4843-B837-BA3F94C133DA}.Release|Any CPU.ActiveCfg = Release|Any CPU
		{DD80F974-CDF3-4843-B837-BA3F94C133DA}.Release|Any CPU.Build.0 = Release|Any CPU
	EndGlobalSection
EndGlobal
